// !$*UTF8*$!
{
	archiveVersion = 1;
	classes = {
	};
	objectVersion = 56;
	objects = {

/* Begin PBXBuildFile section */
		BF58769F2BB26C0800988AE5 /* TikTokTutorialApp.swift in Sources */ = {isa = PBXBuildFile; fileRef = BF58769E2BB26C0800988AE5 /* TikTokTutorialApp.swift */; };
		BF5876A12BB26C0800988AE5 /* ContentView.swift in Sources */ = {isa = PBXBuildFile; fileRef = BF5876A02BB26C0800988AE5 /* ContentView.swift */; };
		BF5876A32BB26C0A00988AE5 /* Assets.xcassets in Resources */ = {isa = PBXBuildFile; fileRef = BF5876A22BB26C0A00988AE5 /* Assets.xcassets */; };
		BF5876A62BB26C0A00988AE5 /* Preview Assets.xcassets in Resources */ = {isa = PBXBuildFile; fileRef = BF5876A52BB26C0A00988AE5 /* Preview Assets.xcassets */; };
		BF5876BD2BB26E5B00988AE5 /* MainTabView.swift in Sources */ = {isa = PBXBuildFile; fileRef = BF5876BC2BB26E5B00988AE5 /* MainTabView.swift */; };
		BF5876BF2BB271D400988AE5 /* FeedView.swift in Sources */ = {isa = PBXBuildFile; fileRef = BF5876BE2BB271D400988AE5 /* FeedView.swift */; };
		BF5876C12BB2732500988AE5 /* FeedCell.swift in Sources */ = {isa = PBXBuildFile; fileRef = BF5876C02BB2732500988AE5 /* FeedCell.swift */; };
		BF5876C32BB276F600988AE5 /* ExploreView.swift in Sources */ = {isa = PBXBuildFile; fileRef = BF5876C22BB276F600988AE5 /* ExploreView.swift */; };
		BF5876C52BB2770200988AE5 /* UserCell.swift in Sources */ = {isa = PBXBuildFile; fileRef = BF5876C42BB2770200988AE5 /* UserCell.swift */; };
		BF5876C72BB2788900988AE5 /* NotificationsView.swift in Sources */ = {isa = PBXBuildFile; fileRef = BF5876C62BB2788900988AE5 /* NotificationsView.swift */; };
		BF5876C92BB2789300988AE5 /* NotificationCell.swift in Sources */ = {isa = PBXBuildFile; fileRef = BF5876C82BB2789300988AE5 /* NotificationCell.swift */; };
		BF5876CB2BB27AD900988AE5 /* CurrentUserProfileView.swift in Sources */ = {isa = PBXBuildFile; fileRef = BF5876CA2BB27AD900988AE5 /* CurrentUserProfileView.swift */; };
		BF5876CD2BB27B2A00988AE5 /* ProfileHeaderView.swift in Sources */ = {isa = PBXBuildFile; fileRef = BF5876CC2BB27B2A00988AE5 /* ProfileHeaderView.swift */; };
		BF5876CF2BB27B3300988AE5 /* PostGridView.swift in Sources */ = {isa = PBXBuildFile; fileRef = BF5876CE2BB27B3300988AE5 /* PostGridView.swift */; };
		BF5876D32BB27C8D00988AE5 /* UserStatView.swift in Sources */ = {isa = PBXBuildFile; fileRef = BF5876D22BB27C8D00988AE5 /* UserStatView.swift */; };
/* End PBXBuildFile section */

/* Begin PBXFileReference section */
		BF58769B2BB26C0800988AE5 /* TikTokTutorial.app */ = {isa = PBXFileReference; explicitFileType = wrapper.application; includeInIndex = 0; path = TikTokTutorial.app; sourceTree = BUILT_PRODUCTS_DIR; };
		BF58769E2BB26C0800988AE5 /* TikTokTutorialApp.swift */ = {isa = PBXFileReference; lastKnownFileType = sourcecode.swift; path = TikTokTutorialApp.swift; sourceTree = "<group>"; };
		BF5876A02BB26C0800988AE5 /* ContentView.swift */ = {isa = PBXFileReference; lastKnownFileType = sourcecode.swift; path = ContentView.swift; sourceTree = "<group>"; };
		BF5876A22BB26C0A00988AE5 /* Assets.xcassets */ = {isa = PBXFileReference; lastKnownFileType = folder.assetcatalog; path = Assets.xcassets; sourceTree = "<group>"; };
		BF5876A52BB26C0A00988AE5 /* Preview Assets.xcassets */ = {isa = PBXFileReference; lastKnownFileType = folder.assetcatalog; path = "Preview Assets.xcassets"; sourceTree = "<group>"; };
		BF5876BC2BB26E5B00988AE5 /* MainTabView.swift */ = {isa = PBXFileReference; lastKnownFileType = sourcecode.swift; path = MainTabView.swift; sourceTree = "<group>"; };
		BF5876BE2BB271D400988AE5 /* FeedView.swift */ = {isa = PBXFileReference; lastKnownFileType = sourcecode.swift; path = FeedView.swift; sourceTree = "<group>"; };
		BF5876C02BB2732500988AE5 /* FeedCell.swift */ = {isa = PBXFileReference; lastKnownFileType = sourcecode.swift; path = FeedCell.swift; sourceTree = "<group>"; };
		BF5876C22BB276F600988AE5 /* ExploreView.swift */ = {isa = PBXFileReference; lastKnownFileType = sourcecode.swift; path = ExploreView.swift; sourceTree = "<group>"; };
		BF5876C42BB2770200988AE5 /* UserCell.swift */ = {isa = PBXFileReference; lastKnownFileType = sourcecode.swift; path = UserCell.swift; sourceTree = "<group>"; };
		BF5876C62BB2788900988AE5 /* NotificationsView.swift */ = {isa = PBXFileReference; lastKnownFileType = sourcecode.swift; path = NotificationsView.swift; sourceTree = "<group>"; };
		BF5876C82BB2789300988AE5 /* NotificationCell.swift */ = {isa = PBXFileReference; lastKnownFileType = sourcecode.swift; path = NotificationCell.swift; sourceTree = "<group>"; };
		BF5876CA2BB27AD900988AE5 /* CurrentUserProfileView.swift */ = {isa = PBXFileReference; lastKnownFileType = sourcecode.swift; path = CurrentUserProfileView.swift; sourceTree = "<group>"; };
		BF5876CC2BB27B2A00988AE5 /* ProfileHeaderView.swift */ = {isa = PBXFileReference; lastKnownFileType = sourcecode.swift; path = ProfileHeaderView.swift; sourceTree = "<group>"; };
		BF5876CE2BB27B3300988AE5 /* PostGridView.swift */ = {isa = PBXFileReference; lastKnownFileType = sourcecode.swift; path = PostGridView.swift; sourceTree = "<group>"; };
		BF5876D22BB27C8D00988AE5 /* UserStatView.swift */ = {isa = PBXFileReference; lastKnownFileType = sourcecode.swift; path = UserStatView.swift; sourceTree = "<group>"; };
/* End PBXFileReference section */

/* Begin PBXFrameworksBuildPhase section */
		BF5876982BB26C0800988AE5 /* Frameworks */ = {
			isa = PBXFrameworksBuildPhase;
			buildActionMask = 2147483647;
			files = (
			);
			runOnlyForDeploymentPostprocessing = 0;
		};
/* End PBXFrameworksBuildPhase section */

/* Begin PBXGroup section */
		BF5876922BB26C0800988AE5 = {
			isa = PBXGroup;
			children = (
				BF58769D2BB26C0800988AE5 /* TikTokTutorial */,
				BF58769C2BB26C0800988AE5 /* Products */,
			);
			sourceTree = "<group>";
		};
		BF58769C2BB26C0800988AE5 /* Products */ = {
			isa = PBXGroup;
			children = (
				BF58769B2BB26C0800988AE5 /* TikTokTutorial.app */,
			);
			name = Products;
			sourceTree = "<group>";
		};
		BF58769D2BB26C0800988AE5 /* TikTokTutorial */ = {
			isa = PBXGroup;
			children = (
				BF5876B12BB26C4F00988AE5 /* App */,
				BF5876B02BB26C4E00988AE5 /* Core */,
				BF5876AF2BB26C4D00988AE5 /* Extensions */,
				BF5876AE2BB26C4C00988AE5 /* Model */,
				BF5876AD2BB26C4B00988AE5 /* Services */,
				BF5876AC2BB26C4900988AE5 /* Utils */,
				BF58769E2BB26C0800988AE5 /* TikTokTutorialApp.swift */,
				BF5876A22BB26C0A00988AE5 /* Assets.xcassets */,
				BF5876A42BB26C0A00988AE5 /* Preview Content */,
			);
			path = TikTokTutorial;
			sourceTree = "<group>";
		};
		BF5876A42BB26C0A00988AE5 /* Preview Content */ = {
			isa = PBXGroup;
			children = (
				BF5876A52BB26C0A00988AE5 /* Preview Assets.xcassets */,
			);
			path = "Preview Content";
			sourceTree = "<group>";
		};
		BF5876AC2BB26C4900988AE5 /* Utils */ = {
			isa = PBXGroup;
			children = (
			);
			path = Utils;
			sourceTree = "<group>";
		};
		BF5876AD2BB26C4B00988AE5 /* Services */ = {
			isa = PBXGroup;
			children = (
			);
			path = Services;
			sourceTree = "<group>";
		};
		BF5876AE2BB26C4C00988AE5 /* Model */ = {
			isa = PBXGroup;
			children = (
			);
			path = Model;
			sourceTree = "<group>";
		};
		BF5876AF2BB26C4D00988AE5 /* Extensions */ = {
			isa = PBXGroup;
			children = (
			);
			path = Extensions;
			sourceTree = "<group>";
		};
		BF5876B02BB26C4E00988AE5 /* Core */ = {
			isa = PBXGroup;
			children = (
				BF5876BB2BB26C8A00988AE5 /* Authentication */,
				BF5876BA2BB26C8900988AE5 /* Comments */,
				BF5876B92BB26C8800988AE5 /* Feed */,
				BF5876B82BB26C8700988AE5 /* Notifications */,
				BF5876B72BB26C8600988AE5 /* Profile */,
				BF5876B62BB26C8500988AE5 /* Root */,
				BF5876B52BB26C8400988AE5 /* Search */,
				BF5876B42BB26C8300988AE5 /* TabBar */,
				BF5876B32BB26C8200988AE5 /* UploadMedia */,
			);
			path = Core;
			sourceTree = "<group>";
		};
		BF5876B12BB26C4F00988AE5 /* App */ = {
			isa = PBXGroup;
			children = (
			);
			path = App;
			sourceTree = "<group>";
		};
		BF5876B32BB26C8200988AE5 /* UploadMedia */ = {
			isa = PBXGroup;
			children = (
			);
			path = UploadMedia;
			sourceTree = "<group>";
		};
		BF5876B42BB26C8300988AE5 /* TabBar */ = {
			isa = PBXGroup;
			children = (
				BF5876BC2BB26E5B00988AE5 /* MainTabView.swift */,
			);
			path = TabBar;
			sourceTree = "<group>";
		};
		BF5876B52BB26C8400988AE5 /* Search */ = {
			isa = PBXGroup;
			children = (
				BF5876C22BB276F600988AE5 /* ExploreView.swift */,
				BF5876C42BB2770200988AE5 /* UserCell.swift */,
			);
			path = Search;
			sourceTree = "<group>";
		};
		BF5876B62BB26C8500988AE5 /* Root */ = {
			isa = PBXGroup;
			children = (
				BF5876A02BB26C0800988AE5 /* ContentView.swift */,
			);
			path = Root;
			sourceTree = "<group>";
		};
		BF5876B72BB26C8600988AE5 /* Profile */ = {
			isa = PBXGroup;
			children = (
				BF5876D02BB27C6A00988AE5 /* Components */,
				BF5876D12BB27C7000988AE5 /* View */,
				BF5876CA2BB27AD900988AE5 /* CurrentUserProfileView.swift */,
			);
			path = Profile;
			sourceTree = "<group>";
		};
		BF5876B82BB26C8700988AE5 /* Notifications */ = {
			isa = PBXGroup;
			children = (
				BF5876C62BB2788900988AE5 /* NotificationsView.swift */,
				BF5876C82BB2789300988AE5 /* NotificationCell.swift */,
			);
			path = Notifications;
			sourceTree = "<group>";
		};
		BF5876B92BB26C8800988AE5 /* Feed */ = {
			isa = PBXGroup;
			children = (
				BF5876BE2BB271D400988AE5 /* FeedView.swift */,
				BF5876C02BB2732500988AE5 /* FeedCell.swift */,
			);
			path = Feed;
			sourceTree = "<group>";
		};
		BF5876BA2BB26C8900988AE5 /* Comments */ = {
			isa = PBXGroup;
			children = (
			);
			path = Comments;
			sourceTree = "<group>";
		};
		BF5876BB2BB26C8A00988AE5 /* Authentication */ = {
			isa = PBXGroup;
			children = (
			);
			path = Authentication;
			sourceTree = "<group>";
		};
		BF5876D02BB27C6A00988AE5 /* Components */ = {
			isa = PBXGroup;
			children = (
				BF5876CE2BB27B3300988AE5 /* PostGridView.swift */,
				BF5876CC2BB27B2A00988AE5 /* ProfileHeaderView.swift */,
				BF5876D22BB27C8D00988AE5 /* UserStatView.swift */,
			);
			path = Components;
			sourceTree = "<group>";
		};
		BF5876D12BB27C7000988AE5 /* View */ = {
			isa = PBXGroup;
			children = (
			);
			path = View;
			sourceTree = "<group>";
		};
/* End PBXGroup section */

/* Begin PBXNativeTarget section */
		BF58769A2BB26C0800988AE5 /* TikTokTutorial */ = {
			isa = PBXNativeTarget;
			buildConfigurationList = BF5876A92BB26C0A00988AE5 /* Build configuration list for PBXNativeTarget "TikTokTutorial" */;
			buildPhases = (
				BF5876972BB26C0800988AE5 /* Sources */,
				BF5876982BB26C0800988AE5 /* Frameworks */,
				BF5876992BB26C0800988AE5 /* Resources */,
			);
			buildRules = (
			);
			dependencies = (
			);
			name = TikTokTutorial;
			productName = TikTokTutorial;
			productReference = BF58769B2BB26C0800988AE5 /* TikTokTutorial.app */;
			productType = "com.apple.product-type.application";
		};
/* End PBXNativeTarget section */

/* Begin PBXProject section */
		BF5876932BB26C0800988AE5 /* Project object */ = {
			isa = PBXProject;
			attributes = {
				BuildIndependentTargetsInParallel = 1;
				LastSwiftUpdateCheck = 1530;
				LastUpgradeCheck = 1530;
				TargetAttributes = {
					BF58769A2BB26C0800988AE5 = {
						CreatedOnToolsVersion = 15.3;
					};
				};
			};
			buildConfigurationList = BF5876962BB26C0800988AE5 /* Build configuration list for PBXProject "TikTokTutorial" */;
			compatibilityVersion = "Xcode 14.0";
			developmentRegion = en;
			hasScannedForEncodings = 0;
			knownRegions = (
				en,
				Base,
			);
			mainGroup = BF5876922BB26C0800988AE5;
			productRefGroup = BF58769C2BB26C0800988AE5 /* Products */;
			projectDirPath = "";
			projectRoot = "";
			targets = (
				BF58769A2BB26C0800988AE5 /* TikTokTutorial */,
			);
		};
/* End PBXProject section */

/* Begin PBXResourcesBuildPhase section */
		BF5876992BB26C0800988AE5 /* Resources */ = {
			isa = PBXResourcesBuildPhase;
			buildActionMask = 2147483647;
			files = (
				BF5876A62BB26C0A00988AE5 /* Preview Assets.xcassets in Resources */,
				BF5876A32BB26C0A00988AE5 /* Assets.xcassets in Resources */,
			);
			runOnlyForDeploymentPostprocessing = 0;
		};
/* End PBXResourcesBuildPhase section */

/* Begin PBXSourcesBuildPhase section */
		BF5876972BB26C0800988AE5 /* Sources */ = {
			isa = PBXSourcesBuildPhase;
			buildActionMask = 2147483647;
			files = (
				BF5876BF2BB271D400988AE5 /* FeedView.swift in Sources */,
				BF5876C92BB2789300988AE5 /* NotificationCell.swift in Sources */,
				BF5876CD2BB27B2A00988AE5 /* ProfileHeaderView.swift in Sources */,
				BF5876D32BB27C8D00988AE5 /* UserStatView.swift in Sources */,
				BF5876C12BB2732500988AE5 /* FeedCell.swift in Sources */,
				BF5876A12BB26C0800988AE5 /* ContentView.swift in Sources */,
				BF58769F2BB26C0800988AE5 /* TikTokTutorialApp.swift in Sources */,
				BF5876C32BB276F600988AE5 /* ExploreView.swift in Sources */,
				BF5876BD2BB26E5B00988AE5 /* MainTabView.swift in Sources */,
				BF5876CF2BB27B3300988AE5 /* PostGridView.swift in Sources */,
				BF5876CB2BB27AD900988AE5 /* CurrentUserProfileView.swift in Sources */,
				BF5876C52BB2770200988AE5 /* UserCell.swift in Sources */,
				BF5876C72BB2788900988AE5 /* NotificationsView.swift in Sources */,
			);
			runOnlyForDeploymentPostprocessing = 0;
		};
/* End PBXSourcesBuildPhase section */

/* Begin XCBuildConfiguration section */
		BF5876A72BB26C0A00988AE5 /* Debug */ = {
			isa = XCBuildConfiguration;
			buildSettings = {
				ALWAYS_SEARCH_USER_PATHS = NO;
				ASSETCATALOG_COMPILER_GENERATE_SWIFT_ASSET_SYMBOL_EXTENSIONS = YES;
				CLANG_ANALYZER_NONNULL = YES;
				CLANG_ANALYZER_NUMBER_OBJECT_CONVERSION = YES_AGGRESSIVE;
				CLANG_CXX_LANGUAGE_STANDARD = "gnu++20";
				CLANG_ENABLE_MODULES = YES;
				CLANG_ENABLE_OBJC_ARC = YES;
				CLANG_ENABLE_OBJC_WEAK = YES;
				CLANG_WARN_BLOCK_CAPTURE_AUTORELEASING = YES;
				CLANG_WARN_BOOL_CONVERSION = YES;
				CLANG_WARN_COMMA = YES;
				CLANG_WARN_CONSTANT_CONVERSION = YES;
				CLANG_WARN_DEPRECATED_OBJC_IMPLEMENTATIONS = YES;
				CLANG_WARN_DIRECT_OBJC_ISA_USAGE = YES_ERROR;
				CLANG_WARN_DOCUMENTATION_COMMENTS = YES;
				CLANG_WARN_EMPTY_BODY = YES;
				CLANG_WARN_ENUM_CONVERSION = YES;
				CLANG_WARN_INFINITE_RECURSION = YES;
				CLANG_WARN_INT_CONVERSION = YES;
				CLANG_WARN_NON_LITERAL_NULL_CONVERSION = YES;
				CLANG_WARN_OBJC_IMPLICIT_RETAIN_SELF = YES;
				CLANG_WARN_OBJC_LITERAL_CONVERSION = YES;
				CLANG_WARN_OBJC_ROOT_CLASS = YES_ERROR;
				CLANG_WARN_QUOTED_INCLUDE_IN_FRAMEWORK_HEADER = YES;
				CLANG_WARN_RANGE_LOOP_ANALYSIS = YES;
				CLANG_WARN_STRICT_PROTOTYPES = YES;
				CLANG_WARN_SUSPICIOUS_MOVE = YES;
				CLANG_WARN_UNGUARDED_AVAILABILITY = YES_AGGRESSIVE;
				CLANG_WARN_UNREACHABLE_CODE = YES;
				CLANG_WARN__DUPLICATE_METHOD_MATCH = YES;
				COPY_PHASE_STRIP = NO;
				DEBUG_INFORMATION_FORMAT = dwarf;
				ENABLE_STRICT_OBJC_MSGSEND = YES;
				ENABLE_TESTABILITY = YES;
				ENABLE_USER_SCRIPT_SANDBOXING = YES;
				GCC_C_LANGUAGE_STANDARD = gnu17;
				GCC_DYNAMIC_NO_PIC = NO;
				GCC_NO_COMMON_BLOCKS = YES;
				GCC_OPTIMIZATION_LEVEL = 0;
				GCC_PREPROCESSOR_DEFINITIONS = (
					"DEBUG=1",
					"$(inherited)",
				);
				GCC_WARN_64_TO_32_BIT_CONVERSION = YES;
				GCC_WARN_ABOUT_RETURN_TYPE = YES_ERROR;
				GCC_WARN_UNDECLARED_SELECTOR = YES;
				GCC_WARN_UNINITIALIZED_AUTOS = YES_AGGRESSIVE;
				GCC_WARN_UNUSED_FUNCTION = YES;
				GCC_WARN_UNUSED_VARIABLE = YES;
				IPHONEOS_DEPLOYMENT_TARGET = 17.4;
				LOCALIZATION_PREFERS_STRING_CATALOGS = YES;
				MTL_ENABLE_DEBUG_INFO = INCLUDE_SOURCE;
				MTL_FAST_MATH = YES;
				ONLY_ACTIVE_ARCH = YES;
				SDKROOT = iphoneos;
				SWIFT_ACTIVE_COMPILATION_CONDITIONS = "DEBUG $(inherited)";
				SWIFT_OPTIMIZATION_LEVEL = "-Onone";
			};
			name = Debug;
		};
		BF5876A82BB26C0A00988AE5 /* Release */ = {
			isa = XCBuildConfiguration;
			buildSettings = {
				ALWAYS_SEARCH_USER_PATHS = NO;
				ASSETCATALOG_COMPILER_GENERATE_SWIFT_ASSET_SYMBOL_EXTENSIONS = YES;
				CLANG_ANALYZER_NONNULL = YES;
				CLANG_ANALYZER_NUMBER_OBJECT_CONVERSION = YES_AGGRESSIVE;
				CLANG_CXX_LANGUAGE_STANDARD = "gnu++20";
				CLANG_ENABLE_MODULES = YES;
				CLANG_ENABLE_OBJC_ARC = YES;
				CLANG_ENABLE_OBJC_WEAK = YES;
				CLANG_WARN_BLOCK_CAPTURE_AUTORELEASING = YES;
				CLANG_WARN_BOOL_CONVERSION = YES;
				CLANG_WARN_COMMA = YES;
				CLANG_WARN_CONSTANT_CONVERSION = YES;
				CLANG_WARN_DEPRECATED_OBJC_IMPLEMENTATIONS = YES;
				CLANG_WARN_DIRECT_OBJC_ISA_USAGE = YES_ERROR;
				CLANG_WARN_DOCUMENTATION_COMMENTS = YES;
				CLANG_WARN_EMPTY_BODY = YES;
				CLANG_WARN_ENUM_CONVERSION = YES;
				CLANG_WARN_INFINITE_RECURSION = YES;
				CLANG_WARN_INT_CONVERSION = YES;
				CLANG_WARN_NON_LITERAL_NULL_CONVERSION = YES;
				CLANG_WARN_OBJC_IMPLICIT_RETAIN_SELF = YES;
				CLANG_WARN_OBJC_LITERAL_CONVERSION = YES;
				CLANG_WARN_OBJC_ROOT_CLASS = YES_ERROR;
				CLANG_WARN_QUOTED_INCLUDE_IN_FRAMEWORK_HEADER = YES;
				CLANG_WARN_RANGE_LOOP_ANALYSIS = YES;
				CLANG_WARN_STRICT_PROTOTYPES = YES;
				CLANG_WARN_SUSPICIOUS_MOVE = YES;
				CLANG_WARN_UNGUARDED_AVAILABILITY = YES_AGGRESSIVE;
				CLANG_WARN_UNREACHABLE_CODE = YES;
				CLANG_WARN__DUPLICATE_METHOD_MATCH = YES;
				COPY_PHASE_STRIP = NO;
				DEBUG_INFORMATION_FORMAT = "dwarf-with-dsym";
				ENABLE_NS_ASSERTIONS = NO;
				ENABLE_STRICT_OBJC_MSGSEND = YES;
				ENABLE_USER_SCRIPT_SANDBOXING = YES;
				GCC_C_LANGUAGE_STANDARD = gnu17;
				GCC_NO_COMMON_BLOCKS = YES;
				GCC_WARN_64_TO_32_BIT_CONVERSION = YES;
				GCC_WARN_ABOUT_RETURN_TYPE = YES_ERROR;
				GCC_WARN_UNDECLARED_SELECTOR = YES;
				GCC_WARN_UNINITIALIZED_AUTOS = YES_AGGRESSIVE;
				GCC_WARN_UNUSED_FUNCTION = YES;
				GCC_WARN_UNUSED_VARIABLE = YES;
				IPHONEOS_DEPLOYMENT_TARGET = 17.4;
				LOCALIZATION_PREFERS_STRING_CATALOGS = YES;
				MTL_ENABLE_DEBUG_INFO = NO;
				MTL_FAST_MATH = YES;
				SDKROOT = iphoneos;
				SWIFT_COMPILATION_MODE = wholemodule;
				VALIDATE_PRODUCT = YES;
			};
			name = Release;
		};
		BF5876AA2BB26C0A00988AE5 /* Debug */ = {
			isa = XCBuildConfiguration;
			buildSettings = {
				ASSETCATALOG_COMPILER_APPICON_NAME = AppIcon;
				ASSETCATALOG_COMPILER_GLOBAL_ACCENT_COLOR_NAME = AccentColor;
				CODE_SIGN_STYLE = Automatic;
				CURRENT_PROJECT_VERSION = 1;
				DEVELOPMENT_ASSET_PATHS = "\"TikTokTutorial/Preview Content\"";
				DEVELOPMENT_TEAM = F922WC2HX9;
				ENABLE_PREVIEWS = YES;
				GENERATE_INFOPLIST_FILE = YES;
				INFOPLIST_KEY_UIApplicationSceneManifest_Generation = YES;
				INFOPLIST_KEY_UIApplicationSupportsIndirectInputEvents = YES;
				INFOPLIST_KEY_UILaunchScreen_Generation = YES;
				INFOPLIST_KEY_UISupportedInterfaceOrientations_iPad = "UIInterfaceOrientationPortrait UIInterfaceOrientationPortraitUpsideDown UIInterfaceOrientationLandscapeLeft UIInterfaceOrientationLandscapeRight";
				INFOPLIST_KEY_UISupportedInterfaceOrientations_iPhone = "UIInterfaceOrientationPortrait UIInterfaceOrientationLandscapeLeft UIInterfaceOrientationLandscapeRight";
				LD_RUNPATH_SEARCH_PATHS = (
					"$(inherited)",
					"@executable_path/Frameworks",
				);
				MARKETING_VERSION = 1.0;
				PRODUCT_BUNDLE_IDENTIFIER = dev.dream.TikTokTutorial;
				PRODUCT_NAME = "$(TARGET_NAME)";
				SWIFT_EMIT_LOC_STRINGS = YES;
				SWIFT_VERSION = 5.0;
				TARGETED_DEVICE_FAMILY = "1,2";
			};
			name = Debug;
		};
		BF5876AB2BB26C0A00988AE5 /* Release */ = {
			isa = XCBuildConfiguration;
			buildSettings = {
				ASSETCATALOG_COMPILER_APPICON_NAME = AppIcon;
				ASSETCATALOG_COMPILER_GLOBAL_ACCENT_COLOR_NAME = AccentColor;
				CODE_SIGN_STYLE = Automatic;
				CURRENT_PROJECT_VERSION = 1;
				DEVELOPMENT_ASSET_PATHS = "\"TikTokTutorial/Preview Content\"";
				DEVELOPMENT_TEAM = F922WC2HX9;
				ENABLE_PREVIEWS = YES;
				GENERATE_INFOPLIST_FILE = YES;
				INFOPLIST_KEY_UIApplicationSceneManifest_Generation = YES;
				INFOPLIST_KEY_UIApplicationSupportsIndirectInputEvents = YES;
				INFOPLIST_KEY_UILaunchScreen_Generation = YES;
				INFOPLIST_KEY_UISupportedInterfaceOrientations_iPad = "UIInterfaceOrientationPortrait UIInterfaceOrientationPortraitUpsideDown UIInterfaceOrientationLandscapeLeft UIInterfaceOrientationLandscapeRight";
				INFOPLIST_KEY_UISupportedInterfaceOrientations_iPhone = "UIInterfaceOrientationPortrait UIInterfaceOrientationLandscapeLeft UIInterfaceOrientationLandscapeRight";
				LD_RUNPATH_SEARCH_PATHS = (
					"$(inherited)",
					"@executable_path/Frameworks",
				);
				MARKETING_VERSION = 1.0;
				PRODUCT_BUNDLE_IDENTIFIER = dev.dream.TikTokTutorial;
				PRODUCT_NAME = "$(TARGET_NAME)";
				SWIFT_EMIT_LOC_STRINGS = YES;
				SWIFT_VERSION = 5.0;
				TARGETED_DEVICE_FAMILY = "1,2";
			};
			name = Release;
		};
/* End XCBuildConfiguration section */

/* Begin XCConfigurationList section */
		BF5876962BB26C0800988AE5 /* Build configuration list for PBXProject "TikTokTutorial" */ = {
			isa = XCConfigurationList;
			buildConfigurations = (
				BF5876A72BB26C0A00988AE5 /* Debug */,
				BF5876A82BB26C0A00988AE5 /* Release */,
			);
			defaultConfigurationIsVisible = 0;
			defaultConfigurationName = Release;
		};
		BF5876A92BB26C0A00988AE5 /* Build configuration list for PBXNativeTarget "TikTokTutorial" */ = {
			isa = XCConfigurationList;
			buildConfigurations = (
				BF5876AA2BB26C0A00988AE5 /* Debug */,
				BF5876AB2BB26C0A00988AE5 /* Release */,
			);
			defaultConfigurationIsVisible = 0;
			defaultConfigurationName = Release;
		};
/* End XCConfigurationList section */
	};
	rootObject = BF5876932BB26C0800988AE5 /* Project object */;
}
